
Microsoft Visual Studio Solution File, Format Version 12.00
# Visual Studio 15
VisualStudioVersion = 15.0.27703.2000
MinimumVisualStudioVersion = 10.0.40219.1
Project("{FAE04EC0-301F-11D3-BF4B-00C04F79EFBC}") = "FizzBuzzTest", "FizzBuzzTest\FizzBuzzTest.csproj", "{F920EDD4-31B3-4956-BEA6-7E228A8AE7B6}"
EndProject
Project("{FAE04EC0-301F-11D3-BF4B-00C04F79EFBC}") = "FizzBuzz", "FizzBuzz\FizzBuzz.csproj", "{B7C5539E-3505-41FB-8FB4-1CEF4E5433BC}"
EndProject
Global
	GlobalSection(SolutionConfigurationPlatforms) = preSolution
		Debug|Any CPU = Debug|Any CPU
		Release|Any CPU = Release|Any CPU
	EndGlobalSection
	GlobalSection(ProjectConfigurationPlatforms) = postSolution
		{F920EDD4-31B3-4956-BEA6-7E228A8AE7B6}.Debug|Any CPU.ActiveCfg = Debug|Any CPU
		{F920EDD4-31B3-4956-BEA6-7E228A8AE7B6}.Debug|Any CPU.Build.0 = Debug|Any CPU
		{F920EDD4-31B3-4956-BEA6-7E228A8AE7B6}.Release|Any CPU.ActiveCfg = Release|Any CPU
		{F920EDD4-31B3-4956-BEA6-7E228A8AE7B6}.Release|Any CPU.Build.0 = Release|Any CPU
		{B7C5539E-3505-41FB-8FB4-1CEF4E5433BC}.Debug|Any CPU.ActiveCfg = Debug|Any CPU
		{B7C5539E-3505-41FB-8FB4-1CEF4E5433BC}.Debug|Any CPU.Build.0 = Debug|Any CPU
		{B7C5539E-3505-41FB-8FB4-1CEF4E5433BC}.Release|Any CPU.ActiveCfg = Release|Any CPU
		{B7C5539E-3505-41FB-8FB4-1CEF4E5433BC}.Release|Any CPU.Build.0 = Release|Any CPU
	EndGlobalSection
	GlobalSection(SolutionProperties) = preSolution
		HideSolutionNode = FALSE
	EndGlobalSection
	GlobalSection(ExtensibilityGlobals) = postSolution
		SolutionGuid = {950F742E-9E32-4EDC-9ABB-26C8744F7D64}
	EndGlobalSection
EndGlobal
